
Microsoft Visual Studio Solution File, Format Version 12.00
# Visual Studio 15
VisualStudioVersion = 15.0.28010.2019
MinimumVisualStudioVersion = 10.0.40219.1
Project("{8BC9CEB8-8B4A-11D0-8D11-00A0C91BC942}") = "calmar-2a", "calmar-2a\calmar-2a.vcxproj", "{218251D4-F192-4D83-93BB-36A66C2C123D}"
EndProject
Global
	GlobalSection(SolutionConfigurationPlatforms) = preSolution
		Debug|x64 = Debug|x64
		Debug|x86 = Debug|x86
		Release|x64 = Release|x64
		Release|x86 = Release|x86
	EndGlobalSection
	GlobalSection(ProjectConfigurationPlatforms) = postSolution
		{218251D4-F192-4D83-93BB-36A66C2C123D}.Debug|x64.ActiveCfg = Debug|x64
		{218251D4-F192-4D83-93BB-36A66C2C123D}.Debug|x64.Build.0 = Debug|x64
		{218251D4-F192-4D83-93BB-36A66C2C123D}.Debug|x86.ActiveCfg = Debug|Win32
		{218251D4-F192-4D83-93BB-36A66C2C123D}.Debug|x86.Build.0 = Debug|Win32
		{218251D4-F192-4D83-93BB-36A66C2C123D}.Release|x64.ActiveCfg = Release|x64
		{218251D4-F192-4D83-93BB-36A66C2C123D}.Release|x64.Build.0 = Release|x64
		{218251D4-F192-4D83-93BB-36A66C2C123D}.Release|x86.ActiveCfg = Release|Win32
		{218251D4-F192-4D83-93BB-36A66C2C123D}.Release|x86.Build.0 = Release|Win32
	EndGlobalSection
	GlobalSection(SolutionProperties) = preSolution
		HideSolutionNode = FALSE
	EndGlobalSection
	GlobalSection(ExtensibilityGlobals) = postSolution
		SolutionGuid = {95FFCF77-9C67-4B32-86DB-F5829158C2C3}
	EndGlobalSection
EndGlobal
